
Microsoft Visual Studio Solution File, Format Version 12.00
# Visual Studio Version 17
VisualStudioVersion = 17.5.002.0
MinimumVisualStudioVersion = 10.0.40219.1
Project("{9A19103F-16F7-4668-BE54-9A1E7A4F7556}") = "WiiBalanceBoardLibrary", "WiiBalanceBoardLibrary\WiiBalanceBoardLibrary.csproj", "{E8CED2CA-09EE-4CBA-9C82-538D3E574CE6}"
EndProject
Global
	GlobalSection(SolutionConfigurationPlatforms) = preSolution
		Debug|Any CPU = Debug|Any CPU
		Release|Any CPU = Release|Any CPU
	EndGlobalSection
	GlobalSection(ProjectConfigurationPlatforms) = postSolution
		{E8CED2CA-09EE-4CBA-9C82-538D3E574CE6}.Debug|Any CPU.ActiveCfg = Debug|Any CPU
		{E8CED2CA-09EE-4CBA-9C82-538D3E574CE6}.Debug|Any CPU.Build.0 = Debug|Any CPU
		{E8CED2CA-09EE-4CBA-9C82-538D3E574CE6}.Release|Any CPU.ActiveCfg = Release|Any CPU
		{E8CED2CA-09EE-4CBA-9C82-538D3E574CE6}.Release|Any CPU.Build.0 = Release|Any CPU
	EndGlobalSection
	GlobalSection(SolutionProperties) = preSolution
		HideSolutionNode = FALSE
	EndGlobalSection
	GlobalSection(ExtensibilityGlobals) = postSolution
		SolutionGuid = {081A1EA6-451B-44B6-9A19-F3C6EA59F921}
	EndGlobalSection
EndGlobal
